
Microsoft Visual Studio Solution File, Format Version 12.00
# Visual Studio Version 17
VisualStudioVersion = 17.7.34031.279
MinimumVisualStudioVersion = 10.0.40219.1
Project("{888888A0-9F3D-457C-B088-3A5042F75D52}") = "Урок 6, задание 3", "Урок 6, задание 3.pyproj", "{68FE7819-D62C-4607-AB28-0885D55EFB66}"
EndProject
Global
	GlobalSection(SolutionConfigurationPlatforms) = preSolution
		Debug|Any CPU = Debug|Any CPU
		Release|Any CPU = Release|Any CPU
	EndGlobalSection
	GlobalSection(ProjectConfigurationPlatforms) = postSolution
		{68FE7819-D62C-4607-AB28-0885D55EFB66}.Debug|Any CPU.ActiveCfg = Debug|Any CPU
		{68FE7819-D62C-4607-AB28-0885D55EFB66}.Release|Any CPU.ActiveCfg = Release|Any CPU
	EndGlobalSection
	GlobalSection(SolutionProperties) = preSolution
		HideSolutionNode = FALSE
	EndGlobalSection
	GlobalSection(ExtensibilityGlobals) = postSolution
		SolutionGuid = {C018C250-D9E1-4B52-B851-9014A579E0B6}
	EndGlobalSection
EndGlobal
